
Microsoft Visual Studio Solution File, Format Version 12.00
# Visual Studio 14
VisualStudioVersion = 14.0.25420.1
MinimumVisualStudioVersion = 10.0.40219.1
Project("{2150E333-8FDC-42A3-9474-1A3956D46DE8}") = "Demo", "Demo", "{95EF4342-BA7B-4E35-9E65-828A522B111F}"
EndProject
Project("{FAE04EC0-301F-11D3-BF4B-00C04F79EFBC}") = "XamarinHelper.Demo.Android", "XamarinHelper.Demo\XamarinHelper.Demo.Android\XamarinHelper.Demo.Android.csproj", "{6A966FFF-9AE4-416B-880C-CAEAA6830BFA}"
EndProject
Project("{FAE04EC0-301F-11D3-BF4B-00C04F79EFBC}") = "XamarinHelper.Demo", "XamarinHelper.Demo\XamarinHelper.Demo\XamarinHelper.Demo.csproj", "{49CFE122-4BDF-4E9B-A970-FA9188824D10}"
EndProject
Project("{FAE04EC0-301F-11D3-BF4B-00C04F79EFBC}") = "XamarinHelper.Demo.UWP", "XamarinHelper.Demo\XamarinHelper.Demo.UWP\XamarinHelper.Demo.UWP.csproj", "{FA65EEE6-0931-4E11-BB86-C7274DD5ED2D}"
EndProject
Project("{FAE04EC0-301F-11D3-BF4B-00C04F79EFBC}") = "XamarinHelper.Demo.iOS", "XamarinHelper.Demo\XamarinHelper.Demo.iOS\XamarinHelper.Demo.iOS.csproj", "{0CAB41DB-B731-4434-A1B7-90B48862DAE9}"
EndProject
Project("{FAE04EC0-301F-11D3-BF4B-00C04F79EFBC}") = "XamarinHelper", "XamarinHelper\XamarinHelper\XamarinHelper.csproj", "{EBA2F89C-BF3E-4B61-915F-6C0A26F61F62}"
EndProject
Project("{FAE04EC0-301F-11D3-BF4B-00C04F79EFBC}") = "XamarinHelper.Android", "XamarinHelper\XamarinHelper.Android\XamarinHelper.Android.csproj", "{3967BB7B-FF8A-4151-A8F7-B640E702A1AC}"
EndProject
Project("{FAE04EC0-301F-11D3-BF4B-00C04F79EFBC}") = "XamarinHelper.iOS", "XamarinHelper\XamarinHelper.iOS\XamarinHelper.iOS.csproj", "{32125F82-FF52-4609-B719-8958FF2FD4E3}"
EndProject
Project("{FAE04EC0-301F-11D3-BF4B-00C04F79EFBC}") = "XamarinHelper.UWP", "XamarinHelper\XamarinHelper.UWP\XamarinHelper.UWP.csproj", "{2A6A7233-3C31-41F2-AB97-41338107F803}"
EndProject
Global
	GlobalSection(SolutionConfigurationPlatforms) = preSolution
		Ad-Hoc|Any CPU = Ad-Hoc|Any CPU
		Ad-Hoc|ARM = Ad-Hoc|ARM
		Ad-Hoc|iPhone = Ad-Hoc|iPhone
		Ad-Hoc|iPhoneSimulator = Ad-Hoc|iPhoneSimulator
		Ad-Hoc|x64 = Ad-Hoc|x64
		Ad-Hoc|x86 = Ad-Hoc|x86
		AppStore|Any CPU = AppStore|Any CPU
		AppStore|ARM = AppStore|ARM
		AppStore|iPhone = AppStore|iPhone
		AppStore|iPhoneSimulator = AppStore|iPhoneSimulator
		AppStore|x64 = AppStore|x64
		AppStore|x86 = AppStore|x86
		Debug|Any CPU = Debug|Any CPU
		Debug|ARM = Debug|ARM
		Debug|iPhone = Debug|iPhone
		Debug|iPhoneSimulator = Debug|iPhoneSimulator
		Debug|x64 = Debug|x64
		Debug|x86 = Debug|x86
		Release|Any CPU = Release|Any CPU
		Release|ARM = Release|ARM
		Release|iPhone = Release|iPhone
		Release|iPhoneSimulator = Release|iPhoneSimulator
		Release|x64 = Release|x64
		Release|x86 = Release|x86
	EndGlobalSection
	GlobalSection(ProjectConfigurationPlatforms) = postSolution
		{6A966FFF-9AE4-416B-880C-CAEAA6830BFA}.Ad-Hoc|Any CPU.ActiveCfg = Release|Any CPU
		{6A966FFF-9AE4-416B-880C-CAEAA6830BFA}.Ad-Hoc|Any CPU.Build.0 = Release|Any CPU
		{6A966FFF-9AE4-416B-880C-CAEAA6830BFA}.Ad-Hoc|Any CPU.Deploy.0 = Release|Any CPU
		{6A966FFF-9AE4-416B-880C-CAEAA6830BFA}.Ad-Hoc|ARM.ActiveCfg = Release|Any CPU
		{6A966FFF-9AE4-416B-880C-CAEAA6830BFA}.Ad-Hoc|ARM.Build.0 = Release|Any CPU
		{6A966FFF-9AE4-416B-880C-CAEAA6830BFA}.Ad-Hoc|ARM.Deploy.0 = Release|Any CPU
		{6A966FFF-9AE4-416B-880C-CAEAA6830BFA}.Ad-Hoc|iPhone.ActiveCfg = Release|Any CPU
		{6A966FFF-9AE4-416B-880C-CAEAA6830BFA}.Ad-Hoc|iPhone.Build.0 = Release|Any CPU
		{6A966FFF-9AE4-416B-880C-CAEAA6830BFA}.Ad-Hoc|iPhone.Deploy.0 = Release|Any CPU
		{6A966FFF-9AE4-416B-880C-CAEAA6830BFA}.Ad-Hoc|iPhoneSimulator.ActiveCfg = Release|Any CPU
		{6A966FFF-9AE4-416B-880C-CAEAA6830BFA}.Ad-Hoc|iPhoneSimulator.Build.0 = Release|Any CPU
		{6A966FFF-9AE4-416B-880C-CAEAA6830BFA}.Ad-Hoc|iPhoneSimulator.Deploy.0 = Release|Any CPU
		{6A966FFF-9AE4-416B-880C-CAEAA6830BFA}.Ad-Hoc|x64.ActiveCfg = Release|Any CPU
		{6A966FFF-9AE4-416B-880C-CAEAA6830BFA}.Ad-Hoc|x64.Build.0 = Release|Any CPU
		{6A966FFF-9AE4-416B-880C-CAEAA6830BFA}.Ad-Hoc|x64.Deploy.0 = Release|Any CPU
		{6A966FFF-9AE4-416B-880C-CAEAA6830BFA}.Ad-Hoc|x86.ActiveCfg = Release|Any CPU
		{6A966FFF-9AE4-416B-880C-CAEAA6830BFA}.Ad-Hoc|x86.Build.0 = Release|Any CPU
		{6A966FFF-9AE4-416B-880C-CAEAA6830BFA}.Ad-Hoc|x86.Deploy.0 = Release|Any CPU
		{6A966FFF-9AE4-416B-880C-CAEAA6830BFA}.AppStore|Any CPU.ActiveCfg = Release|Any CPU
		{6A966FFF-9AE4-416B-880C-CAEAA6830BFA}.AppStore|Any CPU.Build.0 = Release|Any CPU
		{6A966FFF-9AE4-416B-880C-CAEAA6830BFA}.AppStore|Any CPU.Deploy.0 = Release|Any CPU
		{6A966FFF-9AE4-416B-880C-CAEAA6830BFA}.AppStore|ARM.ActiveCfg = Release|Any CPU
		{6A966FFF-9AE4-416B-880C-CAEAA6830BFA}.AppStore|ARM.Build.0 = Release|Any CPU
		{6A966FFF-9AE4-416B-880C-CAEAA6830BFA}.AppStore|ARM.Deploy.0 = Release|Any CPU
		{6A966FFF-9AE4-416B-880C-CAEAA6830BFA}.AppStore|iPhone.ActiveCfg = Release|Any CPU
		{6A966FFF-9AE4-416B-880C-CAEAA6830BFA}.AppStore|iPhone.Build.0 = Release|Any CPU
		{6A966FFF-9AE4-416B-880C-CAEAA6830BFA}.AppStore|iPhone.Deploy.0 = Release|Any CPU
		{6A966FFF-9AE4-416B-880C-CAEAA6830BFA}.AppStore|iPhoneSimulator.ActiveCfg = Release|Any CPU
		{6A966FFF-9AE4-416B-880C-CAEAA6830BFA}.AppStore|iPhoneSimulator.Build.0 = Release|Any CPU
		{6A966FFF-9AE4-416B-880C-CAEAA6830BFA}.AppStore|iPhoneSimulator.Deploy.0 = Release|Any CPU
		{6A966FFF-9AE4-416B-880C-CAEAA6830BFA}.AppStore|x64.ActiveCfg = Release|Any CPU
		{6A966FFF-9AE4-416B-880C-CAEAA6830BFA}.AppStore|x64.Build.0 = Release|Any CPU
		{6A966FFF-9AE4-416B-880C-CAEAA6830BFA}.AppStore|x64.Deploy.0 = Release|Any CPU
		{6A966FFF-9AE4-416B-880C-CAEAA6830BFA}.AppStore|x86.ActiveCfg = Release|Any CPU
		{6A966FFF-9AE4-416B-880C-CAEAA6830BFA}.AppStore|x86.Build.0 = Release|Any CPU
		{6A966FFF-9AE4-416B-880C-CAEAA6830BFA}.AppStore|x86.Deploy.0 = Release|Any CPU
		{6A966FFF-9AE4-416B-880C-CAEAA6830BFA}.Debug|Any CPU.ActiveCfg = Debug|Any CPU
		{6A966FFF-9AE4-416B-880C-CAEAA6830BFA}.Debug|Any CPU.Build.0 = Debug|Any CPU
		{6A966FFF-9AE4-416B-880C-CAEAA6830BFA}.Debug|Any CPU.Deploy.0 = Debug|Any CPU
		{6A966FFF-9AE4-416B-880C-CAEAA6830BFA}.Debug|ARM.ActiveCfg = Debug|Any CPU
		{6A966FFF-9AE4-416B-880C-CAEAA6830BFA}.Debug|ARM.Build.0 = Debug|Any CPU
		{6A966FFF-9AE4-416B-880C-CAEAA6830BFA}.Debug|ARM.Deploy.0 = Debug|Any CPU
		{6A966FFF-9AE4-416B-880C-CAEAA6830BFA}.Debug|iPhone.ActiveCfg = Debug|Any CPU
		{6A966FFF-9AE4-416B-880C-CAEAA6830BFA}.Debug|iPhone.Build.0 = Debug|Any CPU
		{6A966FFF-9AE4-416B-880C-CAEAA6830BFA}.Debug|iPhone.Deploy.0 = Debug|Any CPU
		{6A966FFF-9AE4-416B-880C-CAEAA6830BFA}.Debug|iPhoneSimulator.ActiveCfg = Debug|Any CPU
		{6A966FFF-9AE4-416B-880C-CAEAA6830BFA}.Debug|iPhoneSimulator.Build.0 = Debug|Any CPU
		{6A966FFF-9AE4-416B-880C-CAEAA6830BFA}.Debug|iPhoneSimulator.Deploy.0 = Debug|Any CPU
		{6A966FFF-9AE4-416B-880C-CAEAA6830BFA}.Debug|x64.ActiveCfg = Debug|Any CPU
		{6A966FFF-9AE4-416B-880C-CAEAA6830BFA}.Debug|x64.Build.0 = Debug|Any CPU
		{6A966FFF-9AE4-416B-880C-CAEAA6830BFA}.Debug|x64.Deploy.0 = Debug|Any CPU
		{6A966FFF-9AE4-416B-880C-CAEAA6830BFA}.Debug|x86.ActiveCfg = Debug|Any CPU
		{6A966FFF-9AE4-416B-880C-CAEAA6830BFA}.Debug|x86.Build.0 = Debug|Any CPU
		{6A966FFF-9AE4-416B-880C-CAEAA6830BFA}.Debug|x86.Deploy.0 = Debug|Any CPU
		{6A966FFF-9AE4-416B-880C-CAEAA6830BFA}.Release|Any CPU.ActiveCfg = Release|Any CPU
		{6A966FFF-9AE4-416B-880C-CAEAA6830BFA}.Release|Any CPU.Build.0 = Release|Any CPU
		{6A966FFF-9AE4-416B-880C-CAEAA6830BFA}.Release|Any CPU.Deploy.0 = Release|Any CPU
		{6A966FFF-9AE4-416B-880C-CAEAA6830BFA}.Release|ARM.ActiveCfg = Release|Any CPU
		{6A966FFF-9AE4-416B-880C-CAEAA6830BFA}.Release|ARM.Build.0 = Release|Any CPU
		{6A966FFF-9AE4-416B-880C-CAEAA6830BFA}.Release|ARM.Deploy.0 = Release|Any CPU
		{6A966FFF-9AE4-416B-880C-CAEAA6830BFA}.Release|iPhone.ActiveCfg = Release|Any CPU
		{6A966FFF-9AE4-416B-880C-CAEAA6830BFA}.Release|iPhone.Build.0 = Release|Any CPU
		{6A966FFF-9AE4-416B-880C-CAEAA6830BFA}.Release|iPhone.Deploy.0 = Release|Any CPU
		{6A966FFF-9AE4-416B-880C-CAEAA6830BFA}.Release|iPhoneSimulator.ActiveCfg = Release|Any CPU
		{6A966FFF-9AE4-416B-880C-CAEAA6830BFA}.Release|iPhoneSimulator.Build.0 = Release|Any CPU
		{6A966FFF-9AE4-416B-880C-CAEAA6830BFA}.Release|iPhoneSimulator.Deploy.0 = Release|Any CPU
		{6A966FFF-9AE4-416B-880C-CAEAA6830BFA}.Release|x64.ActiveCfg = Release|Any CPU
		{6A966FFF-9AE4-416B-880C-CAEAA6830BFA}.Release|x64.Build.0 = Release|Any CPU
		{6A966FFF-9AE4-416B-880C-CAEAA6830BFA}.Release|x64.Deploy.0 = Release|Any CPU
		{6A966FFF-9AE4-416B-880C-CAEAA6830BFA}.Release|x86.ActiveCfg = Release|Any CPU
		{6A966FFF-9AE4-416B-880C-CAEAA6830BFA}.Release|x86.Build.0 = Release|Any CPU
		{6A966FFF-9AE4-416B-880C-CAEAA6830BFA}.Release|x86.Deploy.0 = Release|Any CPU
		{49CFE122-4BDF-4E9B-A970-FA9188824D10}.Ad-Hoc|Any CPU.ActiveCfg = Release|Any CPU
		{49CFE122-4BDF-4E9B-A970-FA9188824D10}.Ad-Hoc|Any CPU.Build.0 = Release|Any CPU
		{49CFE122-4BDF-4E9B-A970-FA9188824D10}.Ad-Hoc|ARM.ActiveCfg = Release|Any CPU
		{49CFE122-4BDF-4E9B-A970-FA9188824D10}.Ad-Hoc|ARM.Build.0 = Release|Any CPU
		{49CFE122-4BDF-4E9B-A970-FA9188824D10}.Ad-Hoc|iPhone.ActiveCfg = Release|Any CPU
		{49CFE122-4BDF-4E9B-A970-FA9188824D10}.Ad-Hoc|iPhone.Build.0 = Release|Any CPU
		{49CFE122-4BDF-4E9B-A970-FA9188824D10}.Ad-Hoc|iPhoneSimulator.ActiveCfg = Release|Any CPU
		{49CFE122-4BDF-4E9B-A970-FA9188824D10}.Ad-Hoc|iPhoneSimulator.Build.0 = Release|Any CPU
		{49CFE122-4BDF-4E9B-A970-FA9188824D10}.Ad-Hoc|x64.ActiveCfg = Release|Any CPU
		{49CFE122-4BDF-4E9B-A970-FA9188824D10}.Ad-Hoc|x64.Build.0 = Release|Any CPU
		{49CFE122-4BDF-4E9B-A970-FA9188824D10}.Ad-Hoc|x86.ActiveCfg = Release|Any CPU
		{49CFE122-4BDF-4E9B-A970-FA9188824D10}.Ad-Hoc|x86.Build.0 = Release|Any CPU
		{49CFE122-4BDF-4E9B-A970-FA9188824D10}.AppStore|Any CPU.ActiveCfg = Release|Any CPU
		{49CFE122-4BDF-4E9B-A970-FA9188824D10}.AppStore|Any CPU.Build.0 = Release|Any CPU
		{49CFE122-4BDF-4E9B-A970-FA9188824D10}.AppStore|ARM.ActiveCfg = Release|Any CPU
		{49CFE122-4BDF-4E9B-A970-FA9188824D10}.AppStore|ARM.Build.0 = Release|Any CPU
		{49CFE122-4BDF-4E9B-A970-FA9188824D10}.AppStore|iPhone.ActiveCfg = Release|Any CPU
		{49CFE122-4BDF-4E9B-A970-FA9188824D10}.AppStore|iPhone.Build.0 = Release|Any CPU
		{49CFE122-4BDF-4E9B-A970-FA9188824D10}.AppStore|iPhoneSimulator.ActiveCfg = Release|Any CPU
		{49CFE122-4BDF-4E9B-A970-FA9188824D10}.AppStore|iPhoneSimulator.Build.0 = Release|Any CPU
		{49CFE122-4BDF-4E9B-A970-FA9188824D10}.AppStore|x64.ActiveCfg = Release|Any CPU
		{49CFE122-4BDF-4E9B-A970-FA9188824D10}.AppStore|x64.Build.0 = Release|Any CPU
		{49CFE122-4BDF-4E9B-A970-FA9188824D10}.AppStore|x86.ActiveCfg = Release|Any CPU
		{49CFE122-4BDF-4E9B-A970-FA9188824D10}.AppStore|x86.Build.0 = Release|Any CPU
		{49CFE122-4BDF-4E9B-A970-FA9188824D10}.Debug|Any CPU.ActiveCfg = Debug|Any CPU
		{49CFE122-4BDF-4E9B-A970-FA9188824D10}.Debug|Any CPU.Build.0 = Debug|Any CPU
		{49CFE122-4BDF-4E9B-A970-FA9188824D10}.Debug|ARM.ActiveCfg = Debug|Any CPU
		{49CFE122-4BDF-4E9B-A970-FA9188824D10}.Debug|ARM.Build.0 = Debug|Any CPU
		{49CFE122-4BDF-4E9B-A970-FA9188824D10}.Debug|iPhone.ActiveCfg = Debug|Any CPU
		{49CFE122-4BDF-4E9B-A970-FA9188824D10}.Debug|iPhone.Build.0 = Debug|Any CPU
		{49CFE122-4BDF-4E9B-A970-FA9188824D10}.Debug|iPhoneSimulator.ActiveCfg = Debug|Any CPU
		{49CFE122-4BDF-4E9B-A970-FA9188824D10}.Debug|iPhoneSimulator.Build.0 = Debug|Any CPU
		{49CFE122-4BDF-4E9B-A970-FA9188824D10}.Debug|x64.ActiveCfg = Debug|Any CPU
		{49CFE122-4BDF-4E9B-A970-FA9188824D10}.Debug|x64.Build.0 = Debug|Any CPU
		{49CFE122-4BDF-4E9B-A970-FA9188824D10}.Debug|x86.ActiveCfg = Debug|Any CPU
		{49CFE122-4BDF-4E9B-A970-FA9188824D10}.Debug|x86.Build.0 = Debug|Any CPU
		{49CFE122-4BDF-4E9B-A970-FA9188824D10}.Release|Any CPU.ActiveCfg = Release|Any CPU
		{49CFE122-4BDF-4E9B-A970-FA9188824D10}.Release|Any CPU.Build.0 = Release|Any CPU
		{49CFE122-4BDF-4E9B-A970-FA9188824D10}.Release|ARM.ActiveCfg = Release|Any CPU
		{49CFE122-4BDF-4E9B-A970-FA9188824D10}.Release|ARM.Build.0 = Release|Any CPU
		{49CFE122-4BDF-4E9B-A970-FA9188824D10}.Release|iPhone.ActiveCfg = Release|Any CPU
		{49CFE122-4BDF-4E9B-A970-FA9188824D10}.Release|iPhone.Build.0 = Release|Any CPU
		{49CFE122-4BDF-4E9B-A970-FA9188824D10}.Release|iPhoneSimulator.ActiveCfg = Release|Any CPU
		{49CFE122-4BDF-4E9B-A970-FA9188824D10}.Release|iPhoneSimulator.Build.0 = Release|Any CPU
		{49CFE122-4BDF-4E9B-A970-FA9188824D10}.Release|x64.ActiveCfg = Release|Any CPU
		{49CFE122-4BDF-4E9B-A970-FA9188824D10}.Release|x64.Build.0 = Release|Any CPU
		{49CFE122-4BDF-4E9B-A970-FA9188824D10}.Release|x86.ActiveCfg = Release|Any CPU
		{49CFE122-4BDF-4E9B-A970-FA9188824D10}.Release|x86.Build.0 = Release|Any CPU
		{FA65EEE6-0931-4E11-BB86-C7274DD5ED2D}.Ad-Hoc|Any CPU.ActiveCfg = Release|x86
		{FA65EEE6-0931-4E11-BB86-C7274DD5ED2D}.Ad-Hoc|Any CPU.Build.0 = Release|x86
		{FA65EEE6-0931-4E11-BB86-C7274DD5ED2D}.Ad-Hoc|Any CPU.Deploy.0 = Release|x86
		{FA65EEE6-0931-4E11-BB86-C7274DD5ED2D}.Ad-Hoc|ARM.ActiveCfg = Release|ARM
		{FA65EEE6-0931-4E11-BB86-C7274DD5ED2D}.Ad-Hoc|ARM.Build.0 = Release|ARM
		{FA65EEE6-0931-4E11-BB86-C7274DD5ED2D}.Ad-Hoc|ARM.Deploy.0 = Release|ARM
		{FA65EEE6-0931-4E11-BB86-C7274DD5ED2D}.Ad-Hoc|iPhone.ActiveCfg = Release|x86
		{FA65EEE6-0931-4E11-BB86-C7274DD5ED2D}.Ad-Hoc|iPhone.Build.0 = Release|x86
		{FA65EEE6-0931-4E11-BB86-C7274DD5ED2D}.Ad-Hoc|iPhone.Deploy.0 = Release|x86
		{FA65EEE6-0931-4E11-BB86-C7274DD5ED2D}.Ad-Hoc|iPhoneSimulator.ActiveCfg = Release|x86
		{FA65EEE6-0931-4E11-BB86-C7274DD5ED2D}.Ad-Hoc|iPhoneSimulator.Build.0 = Release|x86
		{FA65EEE6-0931-4E11-BB86-C7274DD5ED2D}.Ad-Hoc|iPhoneSimulator.Deploy.0 = Release|x86
		{FA65EEE6-0931-4E11-BB86-C7274DD5ED2D}.Ad-Hoc|x64.ActiveCfg = Release|x64
		{FA65EEE6-0931-4E11-BB86-C7274DD5ED2D}.Ad-Hoc|x64.Build.0 = Release|x64
		{FA65EEE6-0931-4E11-BB86-C7274DD5ED2D}.Ad-Hoc|x64.Deploy.0 = Release|x64
		{FA65EEE6-0931-4E11-BB86-C7274DD5ED2D}.Ad-Hoc|x86.ActiveCfg = Release|x86
		{FA65EEE6-0931-4E11-BB86-C7274DD5ED2D}.Ad-Hoc|x86.Build.0 = Release|x86
		{FA65EEE6-0931-4E11-BB86-C7274DD5ED2D}.Ad-Hoc|x86.Deploy.0 = Release|x86
		{FA65EEE6-0931-4E11-BB86-C7274DD5ED2D}.AppStore|Any CPU.ActiveCfg = Release|x86
		{FA65EEE6-0931-4E11-BB86-C7274DD5ED2D}.AppStore|Any CPU.Build.0 = Release|x86
		{FA65EEE6-0931-4E11-BB86-C7274DD5ED2D}.AppStore|Any CPU.Deploy.0 = Release|x86
		{FA65EEE6-0931-4E11-BB86-C7274DD5ED2D}.AppStore|ARM.ActiveCfg = Release|ARM
		{FA65EEE6-0931-4E11-BB86-C7274DD5ED2D}.AppStore|ARM.Build.0 = Release|ARM
		{FA65EEE6-0931-4E11-BB86-C7274DD5ED2D}.AppStore|ARM.Deploy.0 = Release|ARM
		{FA65EEE6-0931-4E11-BB86-C7274DD5ED2D}.AppStore|iPhone.ActiveCfg = Release|x86
		{FA65EEE6-0931-4E11-BB86-C7274DD5ED2D}.AppStore|iPhone.Build.0 = Release|x86
		{FA65EEE6-0931-4E11-BB86-C7274DD5ED2D}.AppStore|iPhone.Deploy.0 = Release|x86
		{FA65EEE6-0931-4E11-BB86-C7274DD5ED2D}.AppStore|iPhoneSimulator.ActiveCfg = Release|x86
		{FA65EEE6-0931-4E11-BB86-C7274DD5ED2D}.AppStore|iPhoneSimulator.Build.0 = Release|x86
		{FA65EEE6-0931-4E11-BB86-C7274DD5ED2D}.AppStore|iPhoneSimulator.Deploy.0 = Release|x86
		{FA65EEE6-0931-4E11-BB86-C7274DD5ED2D}.AppStore|x64.ActiveCfg = Release|x64
		{FA65EEE6-0931-4E11-BB86-C7274DD5ED2D}.AppStore|x64.Build.0 = Release|x64
		{FA65EEE6-0931-4E11-BB86-C7274DD5ED2D}.AppStore|x64.Deploy.0 = Release|x64
		{FA65EEE6-0931-4E11-BB86-C7274DD5ED2D}.AppStore|x86.ActiveCfg = Release|x86
		{FA65EEE6-0931-4E11-BB86-C7274DD5ED2D}.AppStore|x86.Build.0 = Release|x86
		{FA65EEE6-0931-4E11-BB86-C7274DD5ED2D}.AppStore|x86.Deploy.0 = Release|x86
		{FA65EEE6-0931-4E11-BB86-C7274DD5ED2D}.Debug|Any CPU.ActiveCfg = Debug|x86
		{FA65EEE6-0931-4E11-BB86-C7274DD5ED2D}.Debug|ARM.ActiveCfg = Debug|ARM
		{FA65EEE6-0931-4E11-BB86-C7274DD5ED2D}.Debug|ARM.Build.0 = Debug|ARM
		{FA65EEE6-0931-4E11-BB86-C7274DD5ED2D}.Debug|ARM.Deploy.0 = Debug|ARM
		{FA65EEE6-0931-4E11-BB86-C7274DD5ED2D}.Debug|iPhone.ActiveCfg = Debug|x86
		{FA65EEE6-0931-4E11-BB86-C7274DD5ED2D}.Debug|iPhoneSimulator.ActiveCfg = Debug|x86
		{FA65EEE6-0931-4E11-BB86-C7274DD5ED2D}.Debug|x64.ActiveCfg = Debug|x64
		{FA65EEE6-0931-4E11-BB86-C7274DD5ED2D}.Debug|x64.Build.0 = Debug|x64
		{FA65EEE6-0931-4E11-BB86-C7274DD5ED2D}.Debug|x64.Deploy.0 = Debug|x64
		{FA65EEE6-0931-4E11-BB86-C7274DD5ED2D}.Debug|x86.ActiveCfg = Debug|x86
		{FA65EEE6-0931-4E11-BB86-C7274DD5ED2D}.Debug|x86.Build.0 = Debug|x86
		{FA65EEE6-0931-4E11-BB86-C7274DD5ED2D}.Debug|x86.Deploy.0 = Debug|x86
		{FA65EEE6-0931-4E11-BB86-C7274DD5ED2D}.Release|Any CPU.ActiveCfg = Release|x86
		{FA65EEE6-0931-4E11-BB86-C7274DD5ED2D}.Release|ARM.ActiveCfg = Release|ARM
		{FA65EEE6-0931-4E11-BB86-C7274DD5ED2D}.Release|ARM.Build.0 = Release|ARM
		{FA65EEE6-0931-4E11-BB86-C7274DD5ED2D}.Release|ARM.Deploy.0 = Release|ARM
		{FA65EEE6-0931-4E11-BB86-C7274DD5ED2D}.Release|iPhone.ActiveCfg = Release|x86
		{FA65EEE6-0931-4E11-BB86-C7274DD5ED2D}.Release|iPhoneSimulator.ActiveCfg = Release|x86
		{FA65EEE6-0931-4E11-BB86-C7274DD5ED2D}.Release|x64.ActiveCfg = Release|x64
		{FA65EEE6-0931-4E11-BB86-C7274DD5ED2D}.Release|x64.Build.0 = Release|x64
		{FA65EEE6-0931-4E11-BB86-C7274DD5ED2D}.Release|x64.Deploy.0 = Release|x64
		{FA65EEE6-0931-4E11-BB86-C7274DD5ED2D}.Release|x86.ActiveCfg = Release|x86
		{FA65EEE6-0931-4E11-BB86-C7274DD5ED2D}.Release|x86.Build.0 = Release|x86
		{FA65EEE6-0931-4E11-BB86-C7274DD5ED2D}.Release|x86.Deploy.0 = Release|x86
		{0CAB41DB-B731-4434-A1B7-90B48862DAE9}.Ad-Hoc|Any CPU.ActiveCfg = Ad-Hoc|iPhone
		{0CAB41DB-B731-4434-A1B7-90B48862DAE9}.Ad-Hoc|ARM.ActiveCfg = Ad-Hoc|iPhone
		{0CAB41DB-B731-4434-A1B7-90B48862DAE9}.Ad-Hoc|iPhone.ActiveCfg = Ad-Hoc|iPhone
		{0CAB41DB-B731-4434-A1B7-90B48862DAE9}.Ad-Hoc|iPhone.Build.0 = Ad-Hoc|iPhone
		{0CAB41DB-B731-4434-A1B7-90B48862DAE9}.Ad-Hoc|iPhoneSimulator.ActiveCfg = Ad-Hoc|iPhoneSimulator
		{0CAB41DB-B731-4434-A1B7-90B48862DAE9}.Ad-Hoc|iPhoneSimulator.Build.0 = Ad-Hoc|iPhoneSimulator
		{0CAB41DB-B731-4434-A1B7-90B48862DAE9}.Ad-Hoc|x64.ActiveCfg = Ad-Hoc|iPhone
		{0CAB41DB-B731-4434-A1B7-90B48862DAE9}.Ad-Hoc|x86.ActiveCfg = Ad-Hoc|iPhone
		{0CAB41DB-B731-4434-A1B7-90B48862DAE9}.AppStore|Any CPU.ActiveCfg = AppStore|iPhone
		{0CAB41DB-B731-4434-A1B7-90B48862DAE9}.AppStore|ARM.ActiveCfg = AppStore|iPhone
		{0CAB41DB-B731-4434-A1B7-90B48862DAE9}.AppStore|iPhone.ActiveCfg = AppStore|iPhone
		{0CAB41DB-B731-4434-A1B7-90B48862DAE9}.AppStore|iPhone.Build.0 = AppStore|iPhone
		{0CAB41DB-B731-4434-A1B7-90B48862DAE9}.AppStore|iPhoneSimulator.ActiveCfg = AppStore|iPhoneSimulator
		{0CAB41DB-B731-4434-A1B7-90B48862DAE9}.AppStore|iPhoneSimulator.Build.0 = AppStore|iPhoneSimulator
		{0CAB41DB-B731-4434-A1B7-90B48862DAE9}.AppStore|x64.ActiveCfg = AppStore|iPhone
		{0CAB41DB-B731-4434-A1B7-90B48862DAE9}.AppStore|x86.ActiveCfg = AppStore|iPhone
		{0CAB41DB-B731-4434-A1B7-90B48862DAE9}.Debug|Any CPU.ActiveCfg = Debug|iPhone
		{0CAB41DB-B731-4434-A1B7-90B48862DAE9}.Debug|ARM.ActiveCfg = Debug|iPhone
		{0CAB41DB-B731-4434-A1B7-90B48862DAE9}.Debug|iPhone.ActiveCfg = Debug|iPhone
		{0CAB41DB-B731-4434-A1B7-90B48862DAE9}.Debug|iPhone.Build.0 = Debug|iPhone
		{0CAB41DB-B731-4434-A1B7-90B48862DAE9}.Debug|iPhoneSimulator.ActiveCfg = Debug|iPhoneSimulator
		{0CAB41DB-B731-4434-A1B7-90B48862DAE9}.Debug|iPhoneSimulator.Build.0 = Debug|iPhoneSimulator
		{0CAB41DB-B731-4434-A1B7-90B48862DAE9}.Debug|x64.ActiveCfg = Debug|iPhone
		{0CAB41DB-B731-4434-A1B7-90B48862DAE9}.Debug|x86.ActiveCfg = Debug|iPhone
		{0CAB41DB-B731-4434-A1B7-90B48862DAE9}.Release|Any CPU.ActiveCfg = Release|iPhone
		{0CAB41DB-B731-4434-A1B7-90B48862DAE9}.Release|ARM.ActiveCfg = Release|iPhone
		{0CAB41DB-B731-4434-A1B7-90B48862DAE9}.Release|iPhone.ActiveCfg = Release|iPhone
		{0CAB41DB-B731-4434-A1B7-90B48862DAE9}.Release|iPhone.Build.0 = Release|iPhone
		{0CAB41DB-B731-4434-A1B7-90B48862DAE9}.Release|iPhoneSimulator.ActiveCfg = Release|iPhoneSimulator
		{0CAB41DB-B731-4434-A1B7-90B48862DAE9}.Release|iPhoneSimulator.Build.0 = Release|iPhoneSimulator
		{0CAB41DB-B731-4434-A1B7-90B48862DAE9}.Release|x64.ActiveCfg = Release|iPhone
		{0CAB41DB-B731-4434-A1B7-90B48862DAE9}.Release|x86.ActiveCfg = Release|iPhone
		{EBA2F89C-BF3E-4B61-915F-6C0A26F61F62}.Ad-Hoc|Any CPU.ActiveCfg = Release|Any CPU
		{EBA2F89C-BF3E-4B61-915F-6C0A26F61F62}.Ad-Hoc|Any CPU.Build.0 = Release|Any CPU
		{EBA2F89C-BF3E-4B61-915F-6C0A26F61F62}.Ad-Hoc|ARM.ActiveCfg = Release|Any CPU
		{EBA2F89C-BF3E-4B61-915F-6C0A26F61F62}.Ad-Hoc|ARM.Build.0 = Release|Any CPU
		{EBA2F89C-BF3E-4B61-915F-6C0A26F61F62}.Ad-Hoc|iPhone.ActiveCfg = Release|Any CPU
		{EBA2F89C-BF3E-4B61-915F-6C0A26F61F62}.Ad-Hoc|iPhone.Build.0 = Release|Any CPU
		{EBA2F89C-BF3E-4B61-915F-6C0A26F61F62}.Ad-Hoc|iPhoneSimulator.ActiveCfg = Release|Any CPU
		{EBA2F89C-BF3E-4B61-915F-6C0A26F61F62}.Ad-Hoc|iPhoneSimulator.Build.0 = Release|Any CPU
		{EBA2F89C-BF3E-4B61-915F-6C0A26F61F62}.Ad-Hoc|x64.ActiveCfg = Release|Any CPU
		{EBA2F89C-BF3E-4B61-915F-6C0A26F61F62}.Ad-Hoc|x64.Build.0 = Release|Any CPU
		{EBA2F89C-BF3E-4B61-915F-6C0A26F61F62}.Ad-Hoc|x86.ActiveCfg = Release|Any CPU
		{EBA2F89C-BF3E-4B61-915F-6C0A26F61F62}.Ad-Hoc|x86.Build.0 = Release|Any CPU
		{EBA2F89C-BF3E-4B61-915F-6C0A26F61F62}.AppStore|Any CPU.ActiveCfg = Release|Any CPU
		{EBA2F89C-BF3E-4B61-915F-6C0A26F61F62}.AppStore|Any CPU.Build.0 = Release|Any CPU
		{EBA2F89C-BF3E-4B61-915F-6C0A26F61F62}.AppStore|ARM.ActiveCfg = Release|Any CPU
		{EBA2F89C-BF3E-4B61-915F-6C0A26F61F62}.AppStore|ARM.Build.0 = Release|Any CPU
		{EBA2F89C-BF3E-4B61-915F-6C0A26F61F62}.AppStore|iPhone.ActiveCfg = Release|Any CPU
		{EBA2F89C-BF3E-4B61-915F-6C0A26F61F62}.AppStore|iPhone.Build.0 = Release|Any CPU
		{EBA2F89C-BF3E-4B61-915F-6C0A26F61F62}.AppStore|iPhoneSimulator.ActiveCfg = Release|Any CPU
		{EBA2F89C-BF3E-4B61-915F-6C0A26F61F62}.AppStore|iPhoneSimulator.Build.0 = Release|Any CPU
		{EBA2F89C-BF3E-4B61-915F-6C0A26F61F62}.AppStore|x64.ActiveCfg = Release|Any CPU
		{EBA2F89C-BF3E-4B61-915F-6C0A26F61F62}.AppStore|x64.Build.0 = Release|Any CPU
		{EBA2F89C-BF3E-4B61-915F-6C0A26F61F62}.AppStore|x86.ActiveCfg = Release|Any CPU
		{EBA2F89C-BF3E-4B61-915F-6C0A26F61F62}.AppStore|x86.Build.0 = Release|Any CPU
		{EBA2F89C-BF3E-4B61-915F-6C0A26F61F62}.Debug|Any CPU.ActiveCfg = Debug|Any CPU
		{EBA2F89C-BF3E-4B61-915F-6C0A26F61F62}.Debug|Any CPU.Build.0 = Debug|Any CPU
		{EBA2F89C-BF3E-4B61-915F-6C0A26F61F62}.Debug|ARM.ActiveCfg = Debug|Any CPU
		{EBA2F89C-BF3E-4B61-915F-6C0A26F61F62}.Debug|ARM.Build.0 = Debug|Any CPU
		{EBA2F89C-BF3E-4B61-915F-6C0A26F61F62}.Debug|iPhone.ActiveCfg = Debug|Any CPU
		{EBA2F89C-BF3E-4B61-915F-6C0A26F61F62}.Debug|iPhone.Build.0 = Debug|Any CPU
		{EBA2F89C-BF3E-4B61-915F-6C0A26F61F62}.Debug|iPhoneSimulator.ActiveCfg = Debug|Any CPU
		{EBA2F89C-BF3E-4B61-915F-6C0A26F61F62}.Debug|iPhoneSimulator.Build.0 = Debug|Any CPU
		{EBA2F89C-BF3E-4B61-915F-6C0A26F61F62}.Debug|x64.ActiveCfg = Debug|Any CPU
		{EBA2F89C-BF3E-4B61-915F-6C0A26F61F62}.Debug|x64.Build.0 = Debug|Any CPU
		{EBA2F89C-BF3E-4B61-915F-6C0A26F61F62}.Debug|x86.ActiveCfg = Debug|Any CPU
		{EBA2F89C-BF3E-4B61-915F-6C0A26F61F62}.Debug|x86.Build.0 = Debug|Any CPU
		{EBA2F89C-BF3E-4B61-915F-6C0A26F61F62}.Release|Any CPU.ActiveCfg = Release|Any CPU
		{EBA2F89C-BF3E-4B61-915F-6C0A26F61F62}.Release|Any CPU.Build.0 = Release|Any CPU
		{EBA2F89C-BF3E-4B61-915F-6C0A26F61F62}.Release|ARM.ActiveCfg = Release|Any CPU
		{EBA2F89C-BF3E-4B61-915F-6C0A26F61F62}.Release|ARM.Build.0 = Release|Any CPU
		{EBA2F89C-BF3E-4B61-915F-6C0A26F61F62}.Release|iPhone.ActiveCfg = Release|Any CPU
		{EBA2F89C-BF3E-4B61-915F-6C0A26F61F62}.Release|iPhone.Build.0 = Release|Any CPU
		{EBA2F89C-BF3E-4B61-915F-6C0A26F61F62}.Release|iPhoneSimulator.ActiveCfg = Release|Any CPU
		{EBA2F89C-BF3E-4B61-915F-6C0A26F61F62}.Release|iPhoneSimulator.Build.0 = Release|Any CPU
		{EBA2F89C-BF3E-4B61-915F-6C0A26F61F62}.Release|x64.ActiveCfg = Release|Any CPU
		{EBA2F89C-BF3E-4B61-915F-6C0A26F61F62}.Release|x64.Build.0 = Release|Any CPU
		{EBA2F89C-BF3E-4B61-915F-6C0A26F61F62}.Release|x86.ActiveCfg = Release|Any CPU
		{EBA2F89C-BF3E-4B61-915F-6C0A26F61F62}.Release|x86.Build.0 = Release|Any CPU
		{3967BB7B-FF8A-4151-A8F7-B640E702A1AC}.Ad-Hoc|Any CPU.ActiveCfg = Release|Any CPU
		{3967BB7B-FF8A-4151-A8F7-B640E702A1AC}.Ad-Hoc|Any CPU.Build.0 = Release|Any CPU
		{3967BB7B-FF8A-4151-A8F7-B640E702A1AC}.Ad-Hoc|ARM.ActiveCfg = Release|Any CPU
		{3967BB7B-FF8A-4151-A8F7-B640E702A1AC}.Ad-Hoc|ARM.Build.0 = Release|Any CPU
		{3967BB7B-FF8A-4151-A8F7-B640E702A1AC}.Ad-Hoc|iPhone.ActiveCfg = Release|Any CPU
		{3967BB7B-FF8A-4151-A8F7-B640E702A1AC}.Ad-Hoc|iPhone.Build.0 = Release|Any CPU
		{3967BB7B-FF8A-4151-A8F7-B640E702A1AC}.Ad-Hoc|iPhoneSimulator.ActiveCfg = Release|Any CPU
		{3967BB7B-FF8A-4151-A8F7-B640E702A1AC}.Ad-Hoc|iPhoneSimulator.Build.0 = Release|Any CPU
		{3967BB7B-FF8A-4151-A8F7-B640E702A1AC}.Ad-Hoc|x64.ActiveCfg = Release|Any CPU
		{3967BB7B-FF8A-4151-A8F7-B640E702A1AC}.Ad-Hoc|x64.Build.0 = Release|Any CPU
		{3967BB7B-FF8A-4151-A8F7-B640E702A1AC}.Ad-Hoc|x86.ActiveCfg = Release|Any CPU
		{3967BB7B-FF8A-4151-A8F7-B640E702A1AC}.Ad-Hoc|x86.Build.0 = Release|Any CPU
		{3967BB7B-FF8A-4151-A8F7-B640E702A1AC}.AppStore|Any CPU.ActiveCfg = Release|Any CPU
		{3967BB7B-FF8A-4151-A8F7-B640E702A1AC}.AppStore|Any CPU.Build.0 = Release|Any CPU
		{3967BB7B-FF8A-4151-A8F7-B640E702A1AC}.AppStore|ARM.ActiveCfg = Release|Any CPU
		{3967BB7B-FF8A-4151-A8F7-B640E702A1AC}.AppStore|ARM.Build.0 = Release|Any CPU
		{3967BB7B-FF8A-4151-A8F7-B640E702A1AC}.AppStore|iPhone.ActiveCfg = Release|Any CPU
		{3967BB7B-FF8A-4151-A8F7-B640E702A1AC}.AppStore|iPhone.Build.0 = Release|Any CPU
		{3967BB7B-FF8A-4151-A8F7-B640E702A1AC}.AppStore|iPhoneSimulator.ActiveCfg = Release|Any CPU
		{3967BB7B-FF8A-4151-A8F7-B640E702A1AC}.AppStore|iPhoneSimulator.Build.0 = Release|Any CPU
		{3967BB7B-FF8A-4151-A8F7-B640E702A1AC}.AppStore|x64.ActiveCfg = Release|Any CPU
		{3967BB7B-FF8A-4151-A8F7-B640E702A1AC}.AppStore|x64.Build.0 = Release|Any CPU
		{3967BB7B-FF8A-4151-A8F7-B640E702A1AC}.AppStore|x86.ActiveCfg = Release|Any CPU
		{3967BB7B-FF8A-4151-A8F7-B640E702A1AC}.AppStore|x86.Build.0 = Release|Any CPU
		{3967BB7B-FF8A-4151-A8F7-B640E702A1AC}.Debug|Any CPU.ActiveCfg = Debug|Any CPU
		{3967BB7B-FF8A-4151-A8F7-B640E702A1AC}.Debug|Any CPU.Build.0 = Debug|Any CPU
		{3967BB7B-FF8A-4151-A8F7-B640E702A1AC}.Debug|ARM.ActiveCfg = Debug|Any CPU
		{3967BB7B-FF8A-4151-A8F7-B640E702A1AC}.Debug|ARM.Build.0 = Debug|Any CPU
		{3967BB7B-FF8A-4151-A8F7-B640E702A1AC}.Debug|iPhone.ActiveCfg = Debug|Any CPU
		{3967BB7B-FF8A-4151-A8F7-B640E702A1AC}.Debug|iPhone.Build.0 = Debug|Any CPU
		{3967BB7B-FF8A-4151-A8F7-B640E702A1AC}.Debug|iPhoneSimulator.ActiveCfg = Debug|Any CPU
		{3967BB7B-FF8A-4151-A8F7-B640E702A1AC}.Debug|iPhoneSimulator.Build.0 = Debug|Any CPU
		{3967BB7B-FF8A-4151-A8F7-B640E702A1AC}.Debug|x64.ActiveCfg = Debug|Any CPU
		{3967BB7B-FF8A-4151-A8F7-B640E702A1AC}.Debug|x64.Build.0 = Debug|Any CPU
		{3967BB7B-FF8A-4151-A8F7-B640E702A1AC}.Debug|x86.ActiveCfg = Debug|Any CPU
		{3967BB7B-FF8A-4151-A8F7-B640E702A1AC}.Debug|x86.Build.0 = Debug|Any CPU
		{3967BB7B-FF8A-4151-A8F7-B640E702A1AC}.Release|Any CPU.ActiveCfg = Release|Any CPU
		{3967BB7B-FF8A-4151-A8F7-B640E702A1AC}.Release|Any CPU.Build.0 = Release|Any CPU
		{3967BB7B-FF8A-4151-A8F7-B640E702A1AC}.Release|ARM.ActiveCfg = Release|Any CPU
		{3967BB7B-FF8A-4151-A8F7-B640E702A1AC}.Release|ARM.Build.0 = Release|Any CPU
		{3967BB7B-FF8A-4151-A8F7-B640E702A1AC}.Release|iPhone.ActiveCfg = Release|Any CPU
		{3967BB7B-FF8A-4151-A8F7-B640E702A1AC}.Release|iPhone.Build.0 = Release|Any CPU
		{3967BB7B-FF8A-4151-A8F7-B640E702A1AC}.Release|iPhoneSimulator.ActiveCfg = Release|Any CPU
		{3967BB7B-FF8A-4151-A8F7-B640E702A1AC}.Release|iPhoneSimulator.Build.0 = Release|Any CPU
		{3967BB7B-FF8A-4151-A8F7-B640E702A1AC}.Release|x64.ActiveCfg = Release|Any CPU
		{3967BB7B-FF8A-4151-A8F7-B640E702A1AC}.Release|x64.Build.0 = Release|Any CPU
		{3967BB7B-FF8A-4151-A8F7-B640E702A1AC}.Release|x86.ActiveCfg = Release|Any CPU
		{3967BB7B-FF8A-4151-A8F7-B640E702A1AC}.Release|x86.Build.0 = Release|Any CPU
		{32125F82-FF52-4609-B719-8958FF2FD4E3}.Ad-Hoc|Any CPU.ActiveCfg = Release|Any CPU
		{32125F82-FF52-4609-B719-8958FF2FD4E3}.Ad-Hoc|Any CPU.Build.0 = Release|Any CPU
		{32125F82-FF52-4609-B719-8958FF2FD4E3}.Ad-Hoc|ARM.ActiveCfg = Release|Any CPU
		{32125F82-FF52-4609-B719-8958FF2FD4E3}.Ad-Hoc|ARM.Build.0 = Release|Any CPU
		{32125F82-FF52-4609-B719-8958FF2FD4E3}.Ad-Hoc|iPhone.ActiveCfg = Release|Any CPU
		{32125F82-FF52-4609-B719-8958FF2FD4E3}.Ad-Hoc|iPhone.Build.0 = Release|Any CPU
		{32125F82-FF52-4609-B719-8958FF2FD4E3}.Ad-Hoc|iPhoneSimulator.ActiveCfg = Release|Any CPU
		{32125F82-FF52-4609-B719-8958FF2FD4E3}.Ad-Hoc|iPhoneSimulator.Build.0 = Release|Any CPU
		{32125F82-FF52-4609-B719-8958FF2FD4E3}.Ad-Hoc|x64.ActiveCfg = Release|Any CPU
		{32125F82-FF52-4609-B719-8958FF2FD4E3}.Ad-Hoc|x64.Build.0 = Release|Any CPU
		{32125F82-FF52-4609-B719-8958FF2FD4E3}.Ad-Hoc|x86.ActiveCfg = Release|Any CPU
		{32125F82-FF52-4609-B719-8958FF2FD4E3}.Ad-Hoc|x86.Build.0 = Release|Any CPU
		{32125F82-FF52-4609-B719-8958FF2FD4E3}.AppStore|Any CPU.ActiveCfg = Release|Any CPU
		{32125F82-FF52-4609-B719-8958FF2FD4E3}.AppStore|Any CPU.Build.0 = Release|Any CPU
		{32125F82-FF52-4609-B719-8958FF2FD4E3}.AppStore|ARM.ActiveCfg = Release|Any CPU
		{32125F82-FF52-4609-B719-8958FF2FD4E3}.AppStore|ARM.Build.0 = Release|Any CPU
		{32125F82-FF52-4609-B719-8958FF2FD4E3}.AppStore|iPhone.ActiveCfg = Release|Any CPU
		{32125F82-FF52-4609-B719-8958FF2FD4E3}.AppStore|iPhone.Build.0 = Release|Any CPU
		{32125F82-FF52-4609-B719-8958FF2FD4E3}.AppStore|iPhoneSimulator.ActiveCfg = Release|Any CPU
		{32125F82-FF52-4609-B719-8958FF2FD4E3}.AppStore|iPhoneSimulator.Build.0 = Release|Any CPU
		{32125F82-FF52-4609-B719-8958FF2FD4E3}.AppStore|x64.ActiveCfg = Release|Any CPU
		{32125F82-FF52-4609-B719-8958FF2FD4E3}.AppStore|x64.Build.0 = Release|Any CPU
		{32125F82-FF52-4609-B719-8958FF2FD4E3}.AppStore|x86.ActiveCfg = Release|Any CPU
		{32125F82-FF52-4609-B719-8958FF2FD4E3}.AppStore|x86.Build.0 = Release|Any CPU
		{32125F82-FF52-4609-B719-8958FF2FD4E3}.Debug|Any CPU.ActiveCfg = Debug|Any CPU
		{32125F82-FF52-4609-B719-8958FF2FD4E3}.Debug|Any CPU.Build.0 = Debug|Any CPU
		{32125F82-FF52-4609-B719-8958FF2FD4E3}.Debug|ARM.ActiveCfg = Debug|Any CPU
		{32125F82-FF52-4609-B719-8958FF2FD4E3}.Debug|ARM.Build.0 = Debug|Any CPU
		{32125F82-FF52-4609-B719-8958FF2FD4E3}.Debug|iPhone.ActiveCfg = Debug|Any CPU
		{32125F82-FF52-4609-B719-8958FF2FD4E3}.Debug|iPhone.Build.0 = Debug|Any CPU
		{32125F82-FF52-4609-B719-8958FF2FD4E3}.Debug|iPhoneSimulator.ActiveCfg = Debug|Any CPU
		{32125F82-FF52-4609-B719-8958FF2FD4E3}.Debug|iPhoneSimulator.Build.0 = Debug|Any CPU
		{32125F82-FF52-4609-B719-8958FF2FD4E3}.Debug|x64.ActiveCfg = Debug|Any CPU
		{32125F82-FF52-4609-B719-8958FF2FD4E3}.Debug|x64.Build.0 = Debug|Any CPU
		{32125F82-FF52-4609-B719-8958FF2FD4E3}.Debug|x86.ActiveCfg = Debug|Any CPU
		{32125F82-FF52-4609-B719-8958FF2FD4E3}.Debug|x86.Build.0 = Debug|Any CPU
		{32125F82-FF52-4609-B719-8958FF2FD4E3}.Release|Any CPU.ActiveCfg = Release|Any CPU
		{32125F82-FF52-4609-B719-8958FF2FD4E3}.Release|Any CPU.Build.0 = Release|Any CPU
		{32125F82-FF52-4609-B719-8958FF2FD4E3}.Release|ARM.ActiveCfg = Release|Any CPU
		{32125F82-FF52-4609-B719-8958FF2FD4E3}.Release|ARM.Build.0 = Release|Any CPU
		{32125F82-FF52-4609-B719-8958FF2FD4E3}.Release|iPhone.ActiveCfg = Release|Any CPU
		{32125F82-FF52-4609-B719-8958FF2FD4E3}.Release|iPhone.Build.0 = Release|Any CPU
		{32125F82-FF52-4609-B719-8958FF2FD4E3}.Release|iPhoneSimulator.ActiveCfg = Release|Any CPU
		{32125F82-FF52-4609-B719-8958FF2FD4E3}.Release|iPhoneSimulator.Build.0 = Release|Any CPU
		{32125F82-FF52-4609-B719-8958FF2FD4E3}.Release|x64.ActiveCfg = Release|Any CPU
		{32125F82-FF52-4609-B719-8958FF2FD4E3}.Release|x64.Build.0 = Release|Any CPU
		{32125F82-FF52-4609-B719-8958FF2FD4E3}.Release|x86.ActiveCfg = Release|Any CPU
		{32125F82-FF52-4609-B719-8958FF2FD4E3}.Release|x86.Build.0 = Release|Any CPU
		{2A6A7233-3C31-41F2-AB97-41338107F803}.Ad-Hoc|Any CPU.ActiveCfg = Release|Any CPU
		{2A6A7233-3C31-41F2-AB97-41338107F803}.Ad-Hoc|Any CPU.Build.0 = Release|Any CPU
		{2A6A7233-3C31-41F2-AB97-41338107F803}.Ad-Hoc|ARM.ActiveCfg = Release|ARM
		{2A6A7233-3C31-41F2-AB97-41338107F803}.Ad-Hoc|ARM.Build.0 = Release|ARM
		{2A6A7233-3C31-41F2-AB97-41338107F803}.Ad-Hoc|iPhone.ActiveCfg = Release|Any CPU
		{2A6A7233-3C31-41F2-AB97-41338107F803}.Ad-Hoc|iPhone.Build.0 = Release|Any CPU
		{2A6A7233-3C31-41F2-AB97-41338107F803}.Ad-Hoc|iPhoneSimulator.ActiveCfg = Release|Any CPU
		{2A6A7233-3C31-41F2-AB97-41338107F803}.Ad-Hoc|iPhoneSimulator.Build.0 = Release|Any CPU
		{2A6A7233-3C31-41F2-AB97-41338107F803}.Ad-Hoc|x64.ActiveCfg = Release|x64
		{2A6A7233-3C31-41F2-AB97-41338107F803}.Ad-Hoc|x64.Build.0 = Release|x64
		{2A6A7233-3C31-41F2-AB97-41338107F803}.Ad-Hoc|x86.ActiveCfg = Release|x86
		{2A6A7233-3C31-41F2-AB97-41338107F803}.Ad-Hoc|x86.Build.0 = Release|x86
		{2A6A7233-3C31-41F2-AB97-41338107F803}.AppStore|Any CPU.ActiveCfg = Release|Any CPU
		{2A6A7233-3C31-41F2-AB97-41338107F803}.AppStore|Any CPU.Build.0 = Release|Any CPU
		{2A6A7233-3C31-41F2-AB97-41338107F803}.AppStore|ARM.ActiveCfg = Release|ARM
		{2A6A7233-3C31-41F2-AB97-41338107F803}.AppStore|ARM.Build.0 = Release|ARM
		{2A6A7233-3C31-41F2-AB97-41338107F803}.AppStore|iPhone.ActiveCfg = Release|Any CPU
		{2A6A7233-3C31-41F2-AB97-41338107F803}.AppStore|iPhone.Build.0 = Release|Any CPU
		{2A6A7233-3C31-41F2-AB97-41338107F803}.AppStore|iPhoneSimulator.ActiveCfg = Release|Any CPU
		{2A6A7233-3C31-41F2-AB97-41338107F803}.AppStore|iPhoneSimulator.Build.0 = Release|Any CPU
		{2A6A7233-3C31-41F2-AB97-41338107F803}.AppStore|x64.ActiveCfg = Release|x64
		{2A6A7233-3C31-41F2-AB97-41338107F803}.AppStore|x64.Build.0 = Release|x64
		{2A6A7233-3C31-41F2-AB97-41338107F803}.AppStore|x86.ActiveCfg = Release|x86
		{2A6A7233-3C31-41F2-AB97-41338107F803}.AppStore|x86.Build.0 = Release|x86
		{2A6A7233-3C31-41F2-AB97-41338107F803}.Debug|Any CPU.ActiveCfg = Debug|Any CPU
		{2A6A7233-3C31-41F2-AB97-41338107F803}.Debug|Any CPU.Build.0 = Debug|Any CPU
		{2A6A7233-3C31-41F2-AB97-41338107F803}.Debug|ARM.ActiveCfg = Debug|ARM
		{2A6A7233-3C31-41F2-AB97-41338107F803}.Debug|ARM.Build.0 = Debug|ARM
		{2A6A7233-3C31-41F2-AB97-41338107F803}.Debug|iPhone.ActiveCfg = Debug|Any CPU
		{2A6A7233-3C31-41F2-AB97-41338107F803}.Debug|iPhone.Build.0 = Debug|Any CPU
		{2A6A7233-3C31-41F2-AB97-41338107F803}.Debug|iPhoneSimulator.ActiveCfg = Debug|Any CPU
		{2A6A7233-3C31-41F2-AB97-41338107F803}.Debug|iPhoneSimulator.Build.0 = Debug|Any CPU
		{2A6A7233-3C31-41F2-AB97-41338107F803}.Debug|x64.ActiveCfg = Debug|x64
		{2A6A7233-3C31-41F2-AB97-41338107F803}.Debug|x64.Build.0 = Debug|x64
		{2A6A7233-3C31-41F2-AB97-41338107F803}.Debug|x86.ActiveCfg = Debug|x86
		{2A6A7233-3C31-41F2-AB97-41338107F803}.Debug|x86.Build.0 = Debug|x86
		{2A6A7233-3C31-41F2-AB97-41338107F803}.Release|Any CPU.ActiveCfg = Release|Any CPU
		{2A6A7233-3C31-41F2-AB97-41338107F803}.Release|Any CPU.Build.0 = Release|Any CPU
		{2A6A7233-3C31-41F2-AB97-41338107F803}.Release|ARM.ActiveCfg = Release|ARM
		{2A6A7233-3C31-41F2-AB97-41338107F803}.Release|ARM.Build.0 = Release|ARM
		{2A6A7233-3C31-41F2-AB97-41338107F803}.Release|iPhone.ActiveCfg = Release|Any CPU
		{2A6A7233-3C31-41F2-AB97-41338107F803}.Release|iPhone.Build.0 = Release|Any CPU
		{2A6A7233-3C31-41F2-AB97-41338107F803}.Release|iPhoneSimulator.ActiveCfg = Release|Any CPU
		{2A6A7233-3C31-41F2-AB97-41338107F803}.Release|iPhoneSimulator.Build.0 = Release|Any CPU
		{2A6A7233-3C31-41F2-AB97-41338107F803}.Release|x64.ActiveCfg = Release|x64
		{2A6A7233-3C31-41F2-AB97-41338107F803}.Release|x64.Build.0 = Release|x64
		{2A6A7233-3C31-41F2-AB97-41338107F803}.Release|x86.ActiveCfg = Release|x86
		{2A6A7233-3C31-41F2-AB97-41338107F803}.Release|x86.Build.0 = Release|x86
	EndGlobalSection
	GlobalSection(SolutionProperties) = preSolution
		HideSolutionNode = FALSE
	EndGlobalSection
	GlobalSection(NestedProjects) = preSolution
		{6A966FFF-9AE4-416B-880C-CAEAA6830BFA} = {95EF4342-BA7B-4E35-9E65-828A522B111F}
		{49CFE122-4BDF-4E9B-A970-FA9188824D10} = {95EF4342-BA7B-4E35-9E65-828A522B111F}
		{FA65EEE6-0931-4E11-BB86-C7274DD5ED2D} = {95EF4342-BA7B-4E35-9E65-828A522B111F}
		{0CAB41DB-B731-4434-A1B7-90B48862DAE9} = {95EF4342-BA7B-4E35-9E65-828A522B111F}
	EndGlobalSection
EndGlobal
